
Microsoft Visual Studio Solution File, Format Version 12.00
# Visual Studio 15
VisualStudioVersion = 15.0.28010.2036
MinimumVisualStudioVersion = 10.0.40219.1
Project("{FAE04EC0-301F-11D3-BF4B-00C04F79EFBC}") = "CleanTracker", "CleanTracker\CleanTracker.csproj", "{B0FCC656-D27D-4816-BB38-68C260B44A1D}"
EndProject
Project("{FAE04EC0-301F-11D3-BF4B-00C04F79EFBC}") = "CleanTracker.Lib", "CleanTracker.Lib\CleanTracker.Lib.csproj", "{F1FC0FA5-B6D5-4CDE-99BB-6502C85FA9AA}"
EndProject
Global
	GlobalSection(SolutionConfigurationPlatforms) = preSolution
		Debug|Any CPU = Debug|Any CPU
		Release|Any CPU = Release|Any CPU
	EndGlobalSection
	GlobalSection(ProjectConfigurationPlatforms) = postSolution
		{B0FCC656-D27D-4816-BB38-68C260B44A1D}.Debug|Any CPU.ActiveCfg = Debug|Any CPU
		{B0FCC656-D27D-4816-BB38-68C260B44A1D}.Debug|Any CPU.Build.0 = Debug|Any CPU
		{B0FCC656-D27D-4816-BB38-68C260B44A1D}.Release|Any CPU.ActiveCfg = Release|Any CPU
		{B0FCC656-D27D-4816-BB38-68C260B44A1D}.Release|Any CPU.Build.0 = Release|Any CPU
		{F1FC0FA5-B6D5-4CDE-99BB-6502C85FA9AA}.Debug|Any CPU.ActiveCfg = Debug|Any CPU
		{F1FC0FA5-B6D5-4CDE-99BB-6502C85FA9AA}.Debug|Any CPU.Build.0 = Debug|Any CPU
		{F1FC0FA5-B6D5-4CDE-99BB-6502C85FA9AA}.Release|Any CPU.ActiveCfg = Release|Any CPU
		{F1FC0FA5-B6D5-4CDE-99BB-6502C85FA9AA}.Release|Any CPU.Build.0 = Release|Any CPU
	EndGlobalSection
	GlobalSection(SolutionProperties) = preSolution
		HideSolutionNode = FALSE
	EndGlobalSection
	GlobalSection(ExtensibilityGlobals) = postSolution
		SolutionGuid = {D74ABCBD-0A92-494E-83FB-514BFEDDD51A}
	EndGlobalSection
EndGlobal
